
Microsoft Visual Studio Solution File, Format Version 12.00
# Visual Studio Version 17
VisualStudioVersion = 17.0.32126.317
MinimumVisualStudioVersion = 10.0.40219.1
Project("{FAE04EC0-301F-11D3-BF4B-00C04F79EFBC}") = "AutoMapper.ReflectionProfile", "AutoMapper.ReflectionProfile\AutoMapper.ReflectionProfile.csproj", "{FCAB1DF2-29E6-4109-8D15-2E80A0A49124}"
EndProject
Global
	GlobalSection(SolutionConfigurationPlatforms) = preSolution
		Debug|Any CPU = Debug|Any CPU
		Release|Any CPU = Release|Any CPU
	EndGlobalSection
	GlobalSection(ProjectConfigurationPlatforms) = postSolution
		{FCAB1DF2-29E6-4109-8D15-2E80A0A49124}.Debug|Any CPU.ActiveCfg = Debug|Any CPU
		{FCAB1DF2-29E6-4109-8D15-2E80A0A49124}.Debug|Any CPU.Build.0 = Debug|Any CPU
		{FCAB1DF2-29E6-4109-8D15-2E80A0A49124}.Release|Any CPU.ActiveCfg = Release|Any CPU
		{FCAB1DF2-29E6-4109-8D15-2E80A0A49124}.Release|Any CPU.Build.0 = Release|Any CPU
	EndGlobalSection
	GlobalSection(SolutionProperties) = preSolution
		HideSolutionNode = FALSE
	EndGlobalSection
	GlobalSection(ExtensibilityGlobals) = postSolution
		SolutionGuid = {64A128F4-0BAA-43DA-867A-4BF090244F50}
	EndGlobalSection
EndGlobal
